
Microsoft Visual Studio Solution File, Format Version 12.00
# Visual Studio Version 17
VisualStudioVersion = 17.5.2.0
MinimumVisualStudioVersion = 10.0.40219.1
Project("{2150E333-8FDC-42A3-9474-1A3956D46DE8}") = "services", "services", "{5854FF58-B8C5-05C6-5BF2-ACE42193F22B}"
EndProject
Project("{FAE04EC0-301F-11D3-BF4B-00C04F79EFBC}") = "Product-service", "services\Product-service\Product-service.csproj", "{920C4181-D0C8-C813-6494-899CA955AB25}"
EndProject
Project("{FAE04EC0-301F-11D3-BF4B-00C04F79EFBC}") = "Image-service", "services\Image-service\Image-service.csproj", "{FAA0CBE4-2FC5-4158-A4C6-A956B2F518C8}"
EndProject
Project("{FAE04EC0-301F-11D3-BF4B-00C04F79EFBC}") = "auth-service", "services\auth-service\auth-service.csproj", "{3360E763-645C-4E7E-9ADE-D49343D06C31}"
EndProject
Project("{FAE04EC0-301F-11D3-BF4B-00C04F79EFBC}") = "gateway", "gateway\gateway.csproj", "{4C91AB39-72C7-4650-90E0-D69FDA16CBAC}"
EndProject
Project("{FAE04EC0-301F-11D3-BF4B-00C04F79EFBC}") = "Shared.Protos", "services\Shared.Protos\Shared.Protos.csproj", "{3C386B94-AE7C-4C37-8142-74BA4850E6EE}"
EndProject
Global
	GlobalSection(SolutionConfigurationPlatforms) = preSolution
		Debug|Any CPU = Debug|Any CPU
		Debug|x64 = Debug|x64
		Debug|x86 = Debug|x86
		Release|Any CPU = Release|Any CPU
		Release|x64 = Release|x64
		Release|x86 = Release|x86
	EndGlobalSection
	GlobalSection(ProjectConfigurationPlatforms) = postSolution
		{920C4181-D0C8-C813-6494-899CA955AB25}.Debug|Any CPU.ActiveCfg = Debug|Any CPU
		{920C4181-D0C8-C813-6494-899CA955AB25}.Debug|Any CPU.Build.0 = Debug|Any CPU
		{920C4181-D0C8-C813-6494-899CA955AB25}.Debug|x64.ActiveCfg = Debug|Any CPU
		{920C4181-D0C8-C813-6494-899CA955AB25}.Debug|x64.Build.0 = Debug|Any CPU
		{920C4181-D0C8-C813-6494-899CA955AB25}.Debug|x86.ActiveCfg = Debug|Any CPU
		{920C4181-D0C8-C813-6494-899CA955AB25}.Debug|x86.Build.0 = Debug|Any CPU
		{920C4181-D0C8-C813-6494-899CA955AB25}.Release|Any CPU.ActiveCfg = Release|Any CPU
		{920C4181-D0C8-C813-6494-899CA955AB25}.Release|Any CPU.Build.0 = Release|Any CPU
		{920C4181-D0C8-C813-6494-899CA955AB25}.Release|x64.ActiveCfg = Release|Any CPU
		{920C4181-D0C8-C813-6494-899CA955AB25}.Release|x64.Build.0 = Release|Any CPU
		{920C4181-D0C8-C813-6494-899CA955AB25}.Release|x86.ActiveCfg = Release|Any CPU
		{920C4181-D0C8-C813-6494-899CA955AB25}.Release|x86.Build.0 = Release|Any CPU
		{FAA0CBE4-2FC5-4158-A4C6-A956B2F518C8}.Debug|Any CPU.ActiveCfg = Debug|Any CPU
		{FAA0CBE4-2FC5-4158-A4C6-A956B2F518C8}.Debug|Any CPU.Build.0 = Debug|Any CPU
		{FAA0CBE4-2FC5-4158-A4C6-A956B2F518C8}.Debug|x64.ActiveCfg = Debug|Any CPU
		{FAA0CBE4-2FC5-4158-A4C6-A956B2F518C8}.Debug|x64.Build.0 = Debug|Any CPU
		{FAA0CBE4-2FC5-4158-A4C6-A956B2F518C8}.Debug|x86.ActiveCfg = Debug|Any CPU
		{FAA0CBE4-2FC5-4158-A4C6-A956B2F518C8}.Debug|x86.Build.0 = Debug|Any CPU
		{FAA0CBE4-2FC5-4158-A4C6-A956B2F518C8}.Release|Any CPU.ActiveCfg = Release|Any CPU
		{FAA0CBE4-2FC5-4158-A4C6-A956B2F518C8}.Release|Any CPU.Build.0 = Release|Any CPU
		{FAA0CBE4-2FC5-4158-A4C6-A956B2F518C8}.Release|x64.ActiveCfg = Release|Any CPU
		{FAA0CBE4-2FC5-4158-A4C6-A956B2F518C8}.Release|x64.Build.0 = Release|Any CPU
		{FAA0CBE4-2FC5-4158-A4C6-A956B2F518C8}.Release|x86.ActiveCfg = Release|Any CPU
		{FAA0CBE4-2FC5-4158-A4C6-A956B2F518C8}.Release|x86.Build.0 = Release|Any CPU
		{3360E763-645C-4E7E-9ADE-D49343D06C31}.Debug|Any CPU.ActiveCfg = Debug|Any CPU
		{3360E763-645C-4E7E-9ADE-D49343D06C31}.Debug|Any CPU.Build.0 = Debug|Any CPU
		{3360E763-645C-4E7E-9ADE-D49343D06C31}.Debug|x64.ActiveCfg = Debug|Any CPU
		{3360E763-645C-4E7E-9ADE-D49343D06C31}.Debug|x64.Build.0 = Debug|Any CPU
		{3360E763-645C-4E7E-9ADE-D49343D06C31}.Debug|x86.ActiveCfg = Debug|Any CPU
		{3360E763-645C-4E7E-9ADE-D49343D06C31}.Debug|x86.Build.0 = Debug|Any CPU
		{3360E763-645C-4E7E-9ADE-D49343D06C31}.Release|Any CPU.ActiveCfg = Release|Any CPU
		{3360E763-645C-4E7E-9ADE-D49343D06C31}.Release|Any CPU.Build.0 = Release|Any CPU
		{3360E763-645C-4E7E-9ADE-D49343D06C31}.Release|x64.ActiveCfg = Release|Any CPU
		{3360E763-645C-4E7E-9ADE-D49343D06C31}.Release|x64.Build.0 = Release|Any CPU
		{3360E763-645C-4E7E-9ADE-D49343D06C31}.Release|x86.ActiveCfg = Release|Any CPU
		{3360E763-645C-4E7E-9ADE-D49343D06C31}.Release|x86.Build.0 = Release|Any CPU
		{4C91AB39-72C7-4650-90E0-D69FDA16CBAC}.Debug|Any CPU.ActiveCfg = Debug|Any CPU
		{4C91AB39-72C7-4650-90E0-D69FDA16CBAC}.Debug|Any CPU.Build.0 = Debug|Any CPU
		{4C91AB39-72C7-4650-90E0-D69FDA16CBAC}.Debug|x64.ActiveCfg = Debug|Any CPU
		{4C91AB39-72C7-4650-90E0-D69FDA16CBAC}.Debug|x64.Build.0 = Debug|Any CPU
		{4C91AB39-72C7-4650-90E0-D69FDA16CBAC}.Debug|x86.ActiveCfg = Debug|Any CPU
		{4C91AB39-72C7-4650-90E0-D69FDA16CBAC}.Debug|x86.Build.0 = Debug|Any CPU
		{4C91AB39-72C7-4650-90E0-D69FDA16CBAC}.Release|Any CPU.ActiveCfg = Release|Any CPU
		{4C91AB39-72C7-4650-90E0-D69FDA16CBAC}.Release|Any CPU.Build.0 = Release|Any CPU
		{4C91AB39-72C7-4650-90E0-D69FDA16CBAC}.Release|x64.ActiveCfg = Release|Any CPU
		{4C91AB39-72C7-4650-90E0-D69FDA16CBAC}.Release|x64.Build.0 = Release|Any CPU
		{4C91AB39-72C7-4650-90E0-D69FDA16CBAC}.Release|x86.ActiveCfg = Release|Any CPU
		{4C91AB39-72C7-4650-90E0-D69FDA16CBAC}.Release|x86.Build.0 = Release|Any CPU
		{3C386B94-AE7C-4C37-8142-74BA4850E6EE}.Debug|Any CPU.ActiveCfg = Debug|Any CPU
		{3C386B94-AE7C-4C37-8142-74BA4850E6EE}.Debug|Any CPU.Build.0 = Debug|Any CPU
		{3C386B94-AE7C-4C37-8142-74BA4850E6EE}.Debug|x64.ActiveCfg = Debug|Any CPU
		{3C386B94-AE7C-4C37-8142-74BA4850E6EE}.Debug|x64.Build.0 = Debug|Any CPU
		{3C386B94-AE7C-4C37-8142-74BA4850E6EE}.Debug|x86.ActiveCfg = Debug|Any CPU
		{3C386B94-AE7C-4C37-8142-74BA4850E6EE}.Debug|x86.Build.0 = Debug|Any CPU
		{3C386B94-AE7C-4C37-8142-74BA4850E6EE}.Release|Any CPU.ActiveCfg = Release|Any CPU
		{3C386B94-AE7C-4C37-8142-74BA4850E6EE}.Release|Any CPU.Build.0 = Release|Any CPU
		{3C386B94-AE7C-4C37-8142-74BA4850E6EE}.Release|x64.ActiveCfg = Release|Any CPU
		{3C386B94-AE7C-4C37-8142-74BA4850E6EE}.Release|x64.Build.0 = Release|Any CPU
		{3C386B94-AE7C-4C37-8142-74BA4850E6EE}.Release|x86.ActiveCfg = Release|Any CPU
		{3C386B94-AE7C-4C37-8142-74BA4850E6EE}.Release|x86.Build.0 = Release|Any CPU
	EndGlobalSection
	GlobalSection(SolutionProperties) = preSolution
		HideSolutionNode = FALSE
	EndGlobalSection
	GlobalSection(NestedProjects) = preSolution
		{920C4181-D0C8-C813-6494-899CA955AB25} = {5854FF58-B8C5-05C6-5BF2-ACE42193F22B}
		{FAA0CBE4-2FC5-4158-A4C6-A956B2F518C8} = {5854FF58-B8C5-05C6-5BF2-ACE42193F22B}
		{3360E763-645C-4E7E-9ADE-D49343D06C31} = {5854FF58-B8C5-05C6-5BF2-ACE42193F22B}
		{3C386B94-AE7C-4C37-8142-74BA4850E6EE} = {5854FF58-B8C5-05C6-5BF2-ACE42193F22B}
	EndGlobalSection
	GlobalSection(ExtensibilityGlobals) = postSolution
		SolutionGuid = {47BB5E0F-9C3C-485D-8EA7-5251EE0ED111}
	EndGlobalSection
EndGlobal
